<?xml version="1.0" encoding="utf-8"?>
<Project ToolsVersion="4.0" xmlns="http://schemas.microsoft.com/developer/msbuild/2003">
  <ItemGroup>
    <Filter Include="00. MainApp">
      <UniqueIdentifier>{cc764a3f-4330-44bd-8028-de74905e22ce}</UniqueIdentifier>
    </Filter>
    <Filter Include="01. Levels">
      <UniqueIdentifier>{25b86a2e-c9b4-49c1-b269-972d8fb989db}</UniqueIdentifier>
    </Filter>
    <Filter Include="01. Levels\00. Logo">
      <UniqueIdentifier>{741a9b99-aa71-4277-ba9c-505e87d4c3ad}</UniqueIdentifier>
    </Filter>
    <Filter Include="02. GameObject">
      <UniqueIdentifier>{b74fe5a7-7424-471b-8a3d-0dfab0107bd2}</UniqueIdentifier>
    </Filter>
    <Filter Include="02. GameObject\00. Sky">
      <UniqueIdentifier>{6c37d6c6-263b-4d41-a46d-4ece2e70908a}</UniqueIdentifier>
    </Filter>
    <Filter Include="02. GameObject\01. Player">
      <UniqueIdentifier>{5eb96d63-79e7-4753-bd1d-cc3a3d3f177d}</UniqueIdentifier>
    </Filter>
    <Filter Include="02. GameObject\02. Enemy">
      <UniqueIdentifier>{e612562d-8c4c-44b1-a050-fefc2e43feb3}</UniqueIdentifier>
    </Filter>
    <Filter Include="02. GameObject\99. Debug">
      <UniqueIdentifier>{286ee9a6-b9ef-449f-9303-ba3e8913d1f9}</UniqueIdentifier>
    </Filter>
    <Filter Include="98. Default">
      <UniqueIdentifier>{cc18812b-2268-4f02-b60b-17a85252121a}</UniqueIdentifier>
    </Filter>
    <Filter Include="02. GameObject\99. Debug\Camera">
      <UniqueIdentifier>{135ca45c-2c5b-460d-a30c-d6f6b96b6d78}</UniqueIdentifier>
    </Filter>
    <Filter Include="02. GameObject\99. Debug\Player">
      <UniqueIdentifier>{a7856930-1055-4fbe-9f00-de43c99e8340}</UniqueIdentifier>
    </Filter>
    <Filter Include="98. Default\ImGui_Defaults">
      <UniqueIdentifier>{628cd336-ebfe-4860-bfac-014e7bec45d3}</UniqueIdentifier>
    </Filter>
    <Filter Include="02. GameObject\02. Enemy\00. Troll">
      <UniqueIdentifier>{fe57efd1-c79a-4107-82a4-00502f3125f8}</UniqueIdentifier>
    </Filter>
    <Filter Include="02. GameObject\02. Enemy\01. Goblin">
      <UniqueIdentifier>{ebc6f3c1-09ed-45aa-a352-5ddbe82a7e16}</UniqueIdentifier>
    </Filter>
    <Filter Include="02. GameObject\02. Enemy\01. Goblin\Assassin">
      <UniqueIdentifier>{358d6be2-a828-4004-90ac-318723c004be}</UniqueIdentifier>
    </Filter>
    <Filter Include="02. GameObject\02. Enemy\01. Goblin\Assassin\Weapon">
      <UniqueIdentifier>{feebe3d3-b2c6-4159-9f49-bd9a0e8a405d}</UniqueIdentifier>
    </Filter>
    <Filter Include="02. GameObject\02. Enemy\00. Troll\00. Armored_Troll">
      <UniqueIdentifier>{f4df7d1d-7374-4385-81c0-dbc54a235570}</UniqueIdentifier>
    </Filter>
    <Filter Include="02. GameObject\02. Enemy\00. Troll\01. Forest_Troll">
      <UniqueIdentifier>{cb12878e-e2df-412e-9377-2c7c29c4cbe2}</UniqueIdentifier>
    </Filter>
    <Filter Include="02. GameObject\02. Enemy\00. Troll\01. Forest_Troll\Weapon">
      <UniqueIdentifier>{716e173e-d10b-4137-8676-391c2c340ccd}</UniqueIdentifier>
    </Filter>
    <Filter Include="02. GameObject\02. Enemy\00. Troll\00. Armored_Troll\Weapon">
      <UniqueIdentifier>{cc4def40-eb2b-4c6e-b1d0-03d0027e89bc}</UniqueIdentifier>
    </Filter>
    <Filter Include="02. GameObject\02. Enemy\02. Dugbog">
      <UniqueIdentifier>{ea8cf730-c75f-4ad8-a593-3de6f11919a8}</UniqueIdentifier>
    </Filter>
    <Filter Include="02. GameObject\02. Enemy\03. Golem">
      <UniqueIdentifier>{75e17a41-3815-4778-b3dd-847b9cc46d8b}</UniqueIdentifier>
    </Filter>
    <Filter Include="02. GameObject\02. Enemy\03. Golem\00. Combat">
      <UniqueIdentifier>{9b9a0dfc-c373-4b0b-9c88-3e4ef1df5fc6}</UniqueIdentifier>
    </Filter>
    <Filter Include="02. GameObject\99. Debug\PhysxRender">
      <UniqueIdentifier>{ffbc88f7-a780-4e66-87b7-7baf68d24ed3}</UniqueIdentifier>
    </Filter>
    <Filter Include="02. GameObject\01. Player\00. Camera">
      <UniqueIdentifier>{f3759d26-a3c7-4580-b9e7-a5b9ac3325cb}</UniqueIdentifier>
    </Filter>
    <Filter Include="02. GameObject\01. Player\01. StateMachine">
      <UniqueIdentifier>{80131a04-5be6-4f74-b2ac-09649853f473}</UniqueIdentifier>
    </Filter>
    <Filter Include="02. GameObject\01. Player\02. StateContext">
      <UniqueIdentifier>{52207591-197e-4e0b-ba0b-670292f5f012}</UniqueIdentifier>
    </Filter>
    <Filter Include="02. GameObject\01. Player\01. StateMachine\00. IdleState">
      <UniqueIdentifier>{f9cc4dbf-4550-4855-a9f9-8562b44f54a4}</UniqueIdentifier>
    </Filter>
    <Filter Include="02. GameObject\01. Player\01. Weapon">
      <UniqueIdentifier>{e492e81f-a203-4fa9-9a45-dbbf54d55c64}</UniqueIdentifier>
    </Filter>
    <Filter Include="02. GameObject\01. Player\01. Weapon\Wand">
      <UniqueIdentifier>{3eacb79d-9519-4b74-935b-b05ac19d8cfc}</UniqueIdentifier>
    </Filter>
    <Filter Include="02. GameObject\01. Player\01. StateMachine\01. MoveState">
      <UniqueIdentifier>{cbccc006-d073-4d19-b0ee-2b3ba8950a41}</UniqueIdentifier>
    </Filter>
    <Filter Include="02. GameObject\01. Player\01. StateMachine\01. MoveState\00. TurnState">
      <UniqueIdentifier>{82333232-6f4e-4985-a33f-ca96b14a81f9}</UniqueIdentifier>
    </Filter>
    <Filter Include="02. GameObject\01. Player\01. StateMachine\01. MoveState\01. StartState">
      <UniqueIdentifier>{20ef874c-0484-4793-9cd6-f509d35738b0}</UniqueIdentifier>
    </Filter>
    <Filter Include="02. GameObject\01. Player\01. StateMachine\01. MoveState\02. LoopState">
      <UniqueIdentifier>{18909992-b942-42f4-bf43-2d702d0b39ef}</UniqueIdentifier>
    </Filter>
    <Filter Include="02. GameObject\99. Debug\LoadTrigger">
      <UniqueIdentifier>{96fc0db4-f307-4049-bde3-38b946932417}</UniqueIdentifier>
    </Filter>
    <Filter Include="02. GameObject\01. Player\01. StateMachine\02. JumpState">
      <UniqueIdentifier>{f11b9425-7729-4257-9b90-f2a7b314e762}</UniqueIdentifier>
    </Filter>
    <Filter Include="02. GameObject\01. Player\01. StateMachine\03. RollState">
      <UniqueIdentifier>{021389fc-ab85-4d15-9673-ffdd6778c8aa}</UniqueIdentifier>
    </Filter>
    <Filter Include="02. GameObject\01. Player\01. StateMachine\04. HardLandState">
      <UniqueIdentifier>{10f19527-0a06-4f20-977a-2fdb651f7263}</UniqueIdentifier>
    </Filter>
    <Filter Include="02. GameObject\01. Player\01. StateMachine\05. MagicCastingState">
      <UniqueIdentifier>{ddb0a962-a92a-4544-9b8a-d6aa212b6f34}</UniqueIdentifier>
    </Filter>
    <Filter Include="02. GameObject\99. Debug\SeamLess">
      <UniqueIdentifier>{846ab9f8-ca54-4c10-bd34-f738c2ec2301}</UniqueIdentifier>
    </Filter>
    <Filter Include="02. GameObject\08. Inventory">
      <UniqueIdentifier>{121cb925-396f-4fe8-bc1e-353a51babe27}</UniqueIdentifier>
    </Filter>
    <Filter Include="02. GameObject\01. Player\01. StateMachine\06. Protego">
      <UniqueIdentifier>{80263d30-d536-457d-baca-c468c1fa3fd7}</UniqueIdentifier>
    </Filter>
    <Filter Include="02. GameObject\01. Player\01. StateMachine\07. Hit">
      <UniqueIdentifier>{8100d76b-abc1-4a05-a149-ea58ea807be8}</UniqueIdentifier>
    </Filter>
    <Filter Include="02. GameObject\01. Player\03. PlayerInformation">
      <UniqueIdentifier>{32c19ffc-fb69-42ca-ba81-07c40b9b305f}</UniqueIdentifier>
    </Filter>
    <Filter Include="01. Levels\02. Vault">
      <UniqueIdentifier>{0cc40b5b-ca2a-4eb4-a4df-e1f5dbb77a1d}</UniqueIdentifier>
    </Filter>
    <Filter Include="01. Levels\01. Cliffside">
      <UniqueIdentifier>{1bc6cbc7-4c2b-4ad9-9e0c-6724a4c369f3}</UniqueIdentifier>
    </Filter>
    <Filter Include="01. Levels\03. GreatHall">
      <UniqueIdentifier>{6547d751-b0f6-4c08-bb0f-9c0040437448}</UniqueIdentifier>
    </Filter>
    <Filter Include="01. Levels\04. Smith">
      <UniqueIdentifier>{93532b46-fcf5-4814-9232-b40f168761fd}</UniqueIdentifier>
    </Filter>
    <Filter Include="01. Levels\05. MiniGame">
      <UniqueIdentifier>{8daaa0f5-8eda-4c23-b5f9-f4ec1e89c6c1}</UniqueIdentifier>
    </Filter>
    <Filter Include="01. Levels\06. PVP">
      <UniqueIdentifier>{886e8ea5-bbc0-4458-a2a8-792fe81d6d45}</UniqueIdentifier>
    </Filter>
    <Filter Include="01. Levels\07. Sky">
      <UniqueIdentifier>{3416e37f-418a-468c-a94c-b7fb178d4e82}</UniqueIdentifier>
    </Filter>
    <Filter Include="01. Levels\08. Dragon">
      <UniqueIdentifier>{a3441117-6109-46b1-8071-26b05cc98d52}</UniqueIdentifier>
    </Filter>
    <Filter Include="01. Levels\99. Loading">
      <UniqueIdentifier>{884f056e-8693-460c-8907-198be0f4c197}</UniqueIdentifier>
    </Filter>
    <Filter Include="01. Levels\99. Loading\Loader">
      <UniqueIdentifier>{5d7f902a-4002-432f-8bd9-34922b397410}</UniqueIdentifier>
    </Filter>
    <Filter Include="03. Behaviors">
      <UniqueIdentifier>{68f60c2e-b68f-4392-b9de-da48723e2496}</UniqueIdentifier>
    </Filter>
    <Filter Include="03. Behaviors\01. Selectors">
      <UniqueIdentifier>{71a935c5-d66c-42f6-b634-774235c64530}</UniqueIdentifier>
    </Filter>
    <Filter Include="03. Behaviors\02. Sequences">
      <UniqueIdentifier>{d6997012-3cb3-41af-a953-a7da969ed441}</UniqueIdentifier>
    </Filter>
    <Filter Include="03. Behaviors\00. Action">
      <UniqueIdentifier>{22de2c6d-33c0-405e-880a-8329dd7ffd58}</UniqueIdentifier>
    </Filter>
    <Filter Include="03. Behaviors\04. Movement">
      <UniqueIdentifier>{d95f3888-ed91-44de-bed2-7ee502737efa}</UniqueIdentifier>
    </Filter>
    <Filter Include="03. Behaviors\03. RandomChoose">
      <UniqueIdentifier>{68fa3644-0ca1-4bca-844f-2fc72e090f6d}</UniqueIdentifier>
    </Filter>
    <Filter Include="97. ShaderFiles">
      <UniqueIdentifier>{776f72a6-a2da-4037-a3c4-4c09ed568945}</UniqueIdentifier>
    </Filter>
    <Filter Include="97. ShaderFiles\Textures">
      <UniqueIdentifier>{d201ffbf-6a5d-444c-9436-ca5b9831d457}</UniqueIdentifier>
    </Filter>
    <Filter Include="97. ShaderFiles\Meshes">
      <UniqueIdentifier>{458c26bc-3075-44f0-8181-8bf9f722fa27}</UniqueIdentifier>
    </Filter>
    <Filter Include="97. ShaderFiles\Debug">
      <UniqueIdentifier>{1d5583a2-e4a6-4d7c-a4bd-c23fd81f765f}</UniqueIdentifier>
    </Filter>
    <Filter Include="97. ShaderFiles\Magic">
      <UniqueIdentifier>{922a952c-44f9-4be5-8a2d-7c9cffdf861d}</UniqueIdentifier>
    </Filter>
    <Filter Include="97. ShaderFiles\Magic\Protego">
      <UniqueIdentifier>{2b531332-cdaa-4769-a0cb-b4ae97608818}</UniqueIdentifier>
    </Filter>
    <Filter Include="03. Behaviors\05. Function">
      <UniqueIdentifier>{11282af5-bac7-4061-9441-81c0be48d567}</UniqueIdentifier>
    </Filter>
    <Filter Include="04. Effect">
      <UniqueIdentifier>{b30da159-0cae-438f-a468-3cc4137f82aa}</UniqueIdentifier>
    </Filter>
    <Filter Include="04. Effect\Wingardium_Effect">
      <UniqueIdentifier>{2225573b-518b-46cd-b9ba-d1ab1cbfdb7d}</UniqueIdentifier>
    </Filter>
    <Filter Include="05. Magic">
      <UniqueIdentifier>{e77db5d2-8ca4-49d3-9854-41ff5a14a55b}</UniqueIdentifier>
    </Filter>
    <Filter Include="05. Magic\MagicBall">
      <UniqueIdentifier>{7667aa3f-fd7d-47db-b815-b3a9a26ac4c5}</UniqueIdentifier>
    </Filter>
    <Filter Include="05. Magic\MagicBall\MagicBallPool">
      <UniqueIdentifier>{9de24398-e881-4455-91ad-ee52934ecab4}</UniqueIdentifier>
    </Filter>
    <Filter Include="05. Magic\MagicBall\01. Protego">
      <UniqueIdentifier>{bcd138af-102e-4b5f-b68d-6ea12de5208b}</UniqueIdentifier>
    </Filter>
    <Filter Include="05. Magic\MagicBall\02. Revelio">
      <UniqueIdentifier>{35319448-1444-4cfb-8ce5-26aa0f43aca3}</UniqueIdentifier>
    </Filter>
    <Filter Include="05. Magic\MagicBall\00. BasicCast">
      <UniqueIdentifier>{753e950f-efbe-4660-a035-8339816dab1b}</UniqueIdentifier>
    </Filter>
    <Filter Include="05. Magic\MagicBall\03. Wingardiumleviosa">
      <UniqueIdentifier>{679315ef-dd4e-4f8a-8102-42d3e7531140}</UniqueIdentifier>
    </Filter>
    <Filter Include="05. Magic\MagicBall\04. Levioso">
      <UniqueIdentifier>{e6fd5103-b92d-4463-b59d-613d632c8fc3}</UniqueIdentifier>
    </Filter>
    <Filter Include="05. Magic\MagicBall\06. Confringo">
      <UniqueIdentifier>{f2eb1727-1265-443b-960c-a8800034b231}</UniqueIdentifier>
    </Filter>
    <Filter Include="05. Magic\MagicBall\07. Finisher">
      <UniqueIdentifier>{b47e170c-04d6-4c0c-89b8-452eb34296b4}</UniqueIdentifier>
    </Filter>
    <Filter Include="05. Magic\MagicSlot">
      <UniqueIdentifier>{b7435dcb-b46c-4066-a7d4-3545d611ef11}</UniqueIdentifier>
    </Filter>
    <Filter Include="06. Scene">
      <UniqueIdentifier>{1a46706e-474c-4231-a7ba-2c809467d7a9}</UniqueIdentifier>
    </Filter>
    <Filter Include="06. Scene\Field_Guide">
      <UniqueIdentifier>{0830a1af-837d-437b-8222-61a3830a3f13}</UniqueIdentifier>
    </Filter>
    <Filter Include="06. Scene\Main_Menu">
      <UniqueIdentifier>{2af2e2df-59af-4b37-8ef4-d02fdf00f156}</UniqueIdentifier>
    </Filter>
    <Filter Include="06. Scene\Main_Menu\Gear">
      <UniqueIdentifier>{a94fd666-69cf-4e38-ab76-d42069fcdbe3}</UniqueIdentifier>
    </Filter>
    <Filter Include="06. Scene\Main_Menu\Inventory">
      <UniqueIdentifier>{30d76204-27e0-46f1-8f3c-4db0fd57b841}</UniqueIdentifier>
    </Filter>
    <Filter Include="06. Scene\Main_Menu\Setting">
      <UniqueIdentifier>{cfeaefdd-8cd5-43e7-ae2d-c678e5202aa3}</UniqueIdentifier>
    </Filter>
    <Filter Include="06. Scene\Main_Menu\Quest">
      <UniqueIdentifier>{7f6be9ff-3769-4fe7-8798-91aa092a8af5}</UniqueIdentifier>
    </Filter>
    <Filter Include="05. Magic\MagicBall\08. Ncendio">
      <UniqueIdentifier>{3ef84178-a7a8-4f3f-9dbe-c88c10fc5a24}</UniqueIdentifier>
    </Filter>
    <Filter Include="04. Effect\Default_MagicTrail_Effect">
      <UniqueIdentifier>{5235bea2-54db-4f3f-b105-e99f462db57b}</UniqueIdentifier>
    </Filter>
    <Filter Include="07. GameManager">
      <UniqueIdentifier>{41feed39-b5e2-4b15-99fe-18a8117aafdf}</UniqueIdentifier>
    </Filter>
    <Filter Include="02. GameObject\02. Enemy\03. Golem\00. Combat\Weapon">
      <UniqueIdentifier>{f57875dd-9b97-4974-a4c8-dbc1374da1c3}</UniqueIdentifier>
    </Filter>
    <Filter Include="05. Magic\MagicBall\05. Lumos">
      <UniqueIdentifier>{852374ec-175b-4b73-9ad4-fe97a917260d}</UniqueIdentifier>
    </Filter>
    <Filter Include="02. GameObject\02. Enemy\03. Golem\01. Pensive">
      <UniqueIdentifier>{86967c1b-301e-4843-a160-8603ef017876}</UniqueIdentifier>
    </Filter>
    <Filter Include="02. GameObject\02. Enemy\03. Golem\01. Pensive\Weapon">
      <UniqueIdentifier>{fde3512d-c9d7-4f98-baac-ed8650da6e1a}</UniqueIdentifier>
    </Filter>
    <Filter Include="02. GameObject\03. MapObject">
      <UniqueIdentifier>{0671651e-f669-4b5e-82f4-dfb1f4480ca3}</UniqueIdentifier>
    </Filter>
    <Filter Include="02. GameObject\03. MapObject\MapObject_Ins">
      <UniqueIdentifier>{f13444ba-2393-4bce-95bb-afa19568f604}</UniqueIdentifier>
    </Filter>
    <Filter Include="02. GameObject\03. MapObject\MapEffect">
      <UniqueIdentifier>{3d2f0c96-2d67-4229-a119-7e41208b82b3}</UniqueIdentifier>
    </Filter>
    <Filter Include="02. GameObject\04. UI">
      <UniqueIdentifier>{66149634-b2ec-4e71-ba47-a1cf371175b5}</UniqueIdentifier>
    </Filter>
    <Filter Include="02. GameObject\04. UI\Logo">
      <UniqueIdentifier>{0126ba42-5a20-40d6-a1fb-a9781cbccd8c}</UniqueIdentifier>
    </Filter>
    <Filter Include="02. GameObject\04. UI\UI_Group">
      <UniqueIdentifier>{7206f782-d4db-4b46-8797-de58df3e32e7}</UniqueIdentifier>
    </Filter>
    <Filter Include="02. GameObject\04. UI\UI_Group\UI_Group_HP">
      <UniqueIdentifier>{081ca7b0-6581-4898-a252-d4947ea8ef08}</UniqueIdentifier>
    </Filter>
    <Filter Include="02. GameObject\04. UI\UI_Group\UI_Group_Finisher">
      <UniqueIdentifier>{e81ad826-eb83-476b-b1aa-59c061bddf73}</UniqueIdentifier>
    </Filter>
    <Filter Include="02. GameObject\04. UI\UI_Group\UI_Group_Finisher_Icon">
      <UniqueIdentifier>{fcbbd145-242a-4b88-9a6d-b01139b69406}</UniqueIdentifier>
    </Filter>
    <Filter Include="02. GameObject\04. UI\UI_Group\UI_Group_Potion">
      <UniqueIdentifier>{33c5525a-2279-40c2-9d48-f7921b35001b}</UniqueIdentifier>
    </Filter>
    <Filter Include="02. GameObject\04. UI\UI_Group\UI_Group_Skill">
      <UniqueIdentifier>{48686970-0b4c-42ea-88ac-966830027166}</UniqueIdentifier>
    </Filter>
    <Filter Include="02. GameObject\04. UI\UI_Group\UI_Group_R">
      <UniqueIdentifier>{0bc67e96-28ec-48d2-b52e-271e88fbe34b}</UniqueIdentifier>
    </Filter>
    <Filter Include="02. GameObject\04. UI\UI_Group\UI_Group_T">
      <UniqueIdentifier>{279484dd-52a7-44cf-a944-5b3f6d56994d}</UniqueIdentifier>
    </Filter>
    <Filter Include="02. GameObject\04. UI\UI_Group\UI_Group_MiniMap">
      <UniqueIdentifier>{39b3c828-0c33-46d7-9115-ed0078317f4e}</UniqueIdentifier>
    </Filter>
    <Filter Include="02. GameObject\04. UI\UI_Group\UI_Group_Enemy_HP">
      <UniqueIdentifier>{bb8be488-5c9d-472c-a62d-2b3677e0ed72}</UniqueIdentifier>
    </Filter>
    <Filter Include="02. GameObject\04. UI\UI_Group\UI_Group_Cursor">
      <UniqueIdentifier>{a63a6343-ce45-4b8e-a9d3-a44f48775b53}</UniqueIdentifier>
    </Filter>
    <Filter Include="02. GameObject\04. UI\UI_Group\UI_Group_Logo">
      <UniqueIdentifier>{615f137f-89fd-425e-8a34-0692f9d580b5}</UniqueIdentifier>
    </Filter>
    <Filter Include="02. GameObject\04. UI\UI_Group\UI_Group_Loading">
      <UniqueIdentifier>{9aa8f3bd-bbc6-46ed-92e0-477200a4d147}</UniqueIdentifier>
    </Filter>
    <Filter Include="02. GameObject\04. UI\UI_Composite">
      <UniqueIdentifier>{bcff362f-a7cb-497b-b754-00e1c5101961}</UniqueIdentifier>
    </Filter>
    <Filter Include="02. GameObject\04. UI\UI_Composite\UI_Image">
      <UniqueIdentifier>{6a99be75-1048-4b77-8a00-10a58f385e62}</UniqueIdentifier>
    </Filter>
    <Filter Include="02. GameObject\04. UI\UI_Composite\UI_Inventory">
      <UniqueIdentifier>{cfd348f8-f70a-4715-9594-2470af08e0a8}</UniqueIdentifier>
    </Filter>
    <Filter Include="02. GameObject\04. UI\UI">
      <UniqueIdentifier>{a0782665-36f6-4fd7-ab5c-79b74a2f4762}</UniqueIdentifier>
    </Filter>
    <Filter Include="02. GameObject\04. UI\UI\UI_None">
      <UniqueIdentifier>{3b6be744-8047-49de-88b4-d917b595c1ae}</UniqueIdentifier>
    </Filter>
    <Filter Include="02. GameObject\04. UI\UI\UI_HP">
      <UniqueIdentifier>{a3f66fec-9f9a-486b-afc5-bfcd37dcf729}</UniqueIdentifier>
    </Filter>
    <Filter Include="02. GameObject\04. UI\UI\UI_Finisher">
      <UniqueIdentifier>{6cda2f04-0443-4bed-b4ca-7039288a3488}</UniqueIdentifier>
    </Filter>
    <Filter Include="02. GameObject\04. UI\UI\UI_Effect_Back">
      <UniqueIdentifier>{6f63ec72-3503-4230-9a92-5c2bd38a636e}</UniqueIdentifier>
    </Filter>
    <Filter Include="02. GameObject\04. UI\UI\UI_Slot">
      <UniqueIdentifier>{d0607139-8865-4a93-8350-450642f3cb31}</UniqueIdentifier>
    </Filter>
    <Filter Include="02. GameObject\04. UI\UI\UI_Logo">
      <UniqueIdentifier>{cdb882fd-b63d-411c-a352-12031cde1674}</UniqueIdentifier>
    </Filter>
    <Filter Include="02. GameObject\04. UI\Font">
      <UniqueIdentifier>{8567ad8d-0151-4dca-83f9-c0b84f96b3d6}</UniqueIdentifier>
    </Filter>
    <Filter Include="02. GameObject\05. Terrain">
      <UniqueIdentifier>{2308a2fe-dbf8-40e5-a674-b8a9988760c2}</UniqueIdentifier>
    </Filter>
    <Filter Include="02. GameObject\06. NPC">
      <UniqueIdentifier>{1048769e-752f-4d43-a082-e0d3163efe97}</UniqueIdentifier>
    </Filter>
    <Filter Include="02. GameObject\06. NPC\Weapons">
      <UniqueIdentifier>{469a34a9-d8a0-49f7-8077-04a0e0c53e16}</UniqueIdentifier>
    </Filter>
    <Filter Include="02. GameObject\07. Trigger">
      <UniqueIdentifier>{b738306a-5e9e-4d2f-91bd-31bb6708ef2c}</UniqueIdentifier>
    </Filter>
    <Filter Include="99. Headers">
      <UniqueIdentifier>{91c3e316-2a51-40fe-a9b3-e3fef6e8989d}</UniqueIdentifier>
    </Filter>
    <Filter Include="02. GameObject\08. Inventory\Item">
      <UniqueIdentifier>{a8a056c1-627a-4e55-9a40-91512c0110cc}</UniqueIdentifier>
    </Filter>
    <Filter Include="02. GameObject\08. Inventory\Item\MPBall">
      <UniqueIdentifier>{5eb7cb7b-6f9e-420b-bad4-8d44bfc40af4}</UniqueIdentifier>
    </Filter>
    <Filter Include="05. Magic\MagicBall\09. Arrestomomentum">
      <UniqueIdentifier>{683eec54-b155-4003-932d-9dc50d316cea}</UniqueIdentifier>
    </Filter>
    <Filter Include="05. Magic\MagicBall\10. Descendo">
      <UniqueIdentifier>{9519c13e-a7cb-4b96-9eb2-b9ce8a40056a}</UniqueIdentifier>
    </Filter>
  </ItemGroup>
  <ItemGroup>
    <ClInclude Include="targetver.h">
      <Filter>98. Default</Filter>
    </ClInclude>
    <ClInclude Include="Client.h">
      <Filter>98. Default</Filter>
    </ClInclude>
    <ClInclude Include="framework.h">
      <Filter>98. Default</Filter>
    </ClInclude>
    <ClInclude Include="Resource.h">
      <Filter>98. Default</Filter>
    </ClInclude>
    <ClInclude Include="..\public\MainApp.h">
      <Filter>00. MainApp</Filter>
    </ClInclude>
    <ClInclude Include="..\Public\Client_Defines.h">
      <Filter>99. Headers</Filter>
    </ClInclude>
    <ClInclude Include="..\Public\Level_Logo.h">
      <Filter>01. Levels\00. Logo</Filter>
    </ClInclude>
    <ClInclude Include="..\Public\Level_Loading.h">
      <Filter>01. Levels\99. Loading</Filter>
    </ClInclude>
    <ClInclude Include="..\Public\Client_Includes.h">
      <Filter>99. Headers</Filter>
    </ClInclude>
    <ClInclude Include="..\public\Sky.h">
      <Filter>02. GameObject\00. Sky</Filter>
    </ClInclude>
    <ClInclude Include="..\public\Logo_BackGround.h">
      <Filter>02. GameObject\04. UI\Logo</Filter>
    </ClInclude>
    <ClInclude Include="..\public\Level_Cliffside.h">
      <Filter>01. Levels\01. Cliffside</Filter>
    </ClInclude>
    <ClInclude Include="..\public\Terrain.h">
      <Filter>02. GameObject\05. Terrain</Filter>
    </ClInclude>
    <ClInclude Include="..\public\Camera_Debug.h">
      <Filter>02. GameObject\99. Debug\Camera</Filter>
    </ClInclude>
    <ClInclude Include="..\public\Test_Player.h">
      <Filter>02. GameObject\99. Debug\Player</Filter>
    </ClInclude>
    <ClInclude Include="ImGui\imconfig.h">
      <Filter>98. Default\ImGui_Defaults</Filter>
    </ClInclude>
    <ClInclude Include="ImGui\imgui_internal.h">
      <Filter>98. Default\ImGui_Defaults</Filter>
    </ClInclude>
    <ClInclude Include="ImGui\ImGuiFileDialog.h">
      <Filter>98. Default\ImGui_Defaults</Filter>
    </ClInclude>
    <ClInclude Include="ImGui\ImGuiFileDialogConfig.h">
      <Filter>98. Default\ImGui_Defaults</Filter>
    </ClInclude>
    <ClInclude Include="ImGui\imstb_rectpack.h">
      <Filter>98. Default\ImGui_Defaults</Filter>
    </ClInclude>
    <ClInclude Include="ImGui\imstb_textedit.h">
      <Filter>98. Default\ImGui_Defaults</Filter>
    </ClInclude>
    <ClInclude Include="ImGui\imstb_truetype.h">
      <Filter>98. Default\ImGui_Defaults</Filter>
    </ClInclude>
    <ClInclude Include="ImGui\stb\stb_image.h">
      <Filter>98. Default\ImGui_Defaults</Filter>
    </ClInclude>
    <ClInclude Include="ImGui\stb\stb_image_resize.h">
      <Filter>98. Default\ImGui_Defaults</Filter>
    </ClInclude>
    <ClInclude Include="ImGui\backends\imgui_impl_dx11.h">
      <Filter>98. Default\ImGui_Defaults</Filter>
    </ClInclude>
    <ClInclude Include="ImGui\backends\imgui_impl_win32.h">
      <Filter>98. Default\ImGui_Defaults</Filter>
    </ClInclude>
    <ClInclude Include="ImGui\imgui.h">
      <Filter>98. Default\ImGui_Defaults</Filter>
    </ClInclude>
    <ClInclude Include="..\Public\Armored_Troll.h">
      <Filter>02. GameObject\02. Enemy\00. Troll\00. Armored_Troll</Filter>
    </ClInclude>
    <ClInclude Include="..\Public\Weapon_Armored_Troll.h">
      <Filter>02. GameObject\02. Enemy\00. Troll\00. Armored_Troll\Weapon</Filter>
    </ClInclude>
    <ClInclude Include="..\Public\Assasin_Goblin.h">
      <Filter>02. GameObject\02. Enemy\01. Goblin\Assassin</Filter>
    </ClInclude>
    <ClInclude Include="..\Public\Forest_Troll.h">
      <Filter>02. GameObject\02. Enemy\00. Troll\01. Forest_Troll</Filter>
    </ClInclude>
    <ClInclude Include="..\Public\Weapon_Forest_Troll.h">
      <Filter>02. GameObject\02. Enemy\00. Troll\01. Forest_Troll\Weapon</Filter>
    </ClInclude>
    <ClInclude Include="..\Public\Behavior_Includes.h">
      <Filter>99. Headers</Filter>
    </ClInclude>
    <ClInclude Include="..\Public\Wait.h">
      <Filter>03. Behaviors\04. Movement</Filter>
    </ClInclude>
    <ClInclude Include="..\Public\Dugbog.h">
      <Filter>02. GameObject\02. Enemy\02. Dugbog</Filter>
    </ClInclude>
    <ClInclude Include="..\Public\Golem_Combat.h">
      <Filter>02. GameObject\02. Enemy\03. Golem\00. Combat</Filter>
    </ClInclude>
    <ClInclude Include="..\Public\Pensive.h">
      <Filter>02. GameObject\02. Enemy\03. Golem\01. Pensive</Filter>
    </ClInclude>
    <ClInclude Include="..\Public\Weapon_Pensive.h">
      <Filter>02. GameObject\02. Enemy\03. Golem\01. Pensive\Weapon</Filter>
    </ClInclude>
    <ClInclude Include="..\Public\MapObject.h">
      <Filter>02. GameObject\03. MapObject</Filter>
    </ClInclude>
    <ClInclude Include="..\Public\Action.h">
      <Filter>03. Behaviors\00. Action</Filter>
    </ClInclude>
    <ClInclude Include="..\Public\PhysXRender.h">
      <Filter>02. GameObject\99. Debug\PhysxRender</Filter>
    </ClInclude>
    <ClInclude Include="..\Public\Player.h">
      <Filter>02. GameObject\01. Player</Filter>
    </ClInclude>
    <ClInclude Include="..\Public\Turn.h">
      <Filter>03. Behaviors\04. Movement</Filter>
    </ClInclude>
    <ClInclude Include="..\Public\Selector_Degree.h">
      <Filter>03. Behaviors\01. Selectors</Filter>
    </ClInclude>
    <ClInclude Include="..\Public\Magic.h">
      <Filter>05. Magic</Filter>
    </ClInclude>
    <ClInclude Include="..\Public\MagicBall.h">
      <Filter>05. Magic\MagicBall</Filter>
    </ClInclude>
    <ClInclude Include="..\Public\MagicBallPool.h">
      <Filter>05. Magic\MagicBall\MagicBallPool</Filter>
    </ClInclude>
    <ClInclude Include="..\Public\Protego.h">
      <Filter>05. Magic\MagicBall\01. Protego</Filter>
    </ClInclude>
    <ClInclude Include="..\Public\Revelio.h">
      <Filter>05. Magic\MagicBall\02. Revelio</Filter>
    </ClInclude>
    <ClInclude Include="..\Public\BasicCast.h">
      <Filter>05. Magic\MagicBall\00. BasicCast</Filter>
    </ClInclude>
    <ClInclude Include="..\Public\Professor_Fig.h">
      <Filter>02. GameObject\06. NPC</Filter>
    </ClInclude>
    <ClInclude Include="..\Public\Player.h">
      <Filter>02. GameObject\01. Player</Filter>
    </ClInclude>
    <ClInclude Include="..\public\Player_Camera.h">
      <Filter>02. GameObject\01. Player\00. Camera</Filter>
    </ClInclude>
    <ClInclude Include="..\Public\Sequence_Attack.h">
      <Filter>03. Behaviors\02. Sequences</Filter>
    </ClInclude>
    <ClInclude Include="..\Public\Sequence_MoveTarget.h">
      <Filter>03. Behaviors\02. Sequences</Filter>
    </ClInclude>
    <ClInclude Include="..\public\StateMachine.h">
      <Filter>02. GameObject\01. Player\01. StateMachine</Filter>
    </ClInclude>
    <ClInclude Include="..\public\IdleState.h">
      <Filter>02. GameObject\01. Player\01. StateMachine\00. IdleState</Filter>
    </ClInclude>
    <ClInclude Include="..\Public\Weapon_Player_Wand.h">
      <Filter>02. GameObject\01. Player\01. Weapon\Wand</Filter>
    </ClInclude>
    <ClInclude Include="..\Public\StateContext.h">
      <Filter>02. GameObject\01. Player\02. StateContext</Filter>
    </ClInclude>
    <ClInclude Include="..\public\MoveStartState.h">
      <Filter>02. GameObject\01. Player\01. StateMachine\01. MoveState\01. StartState</Filter>
    </ClInclude>
    <ClInclude Include="..\Public\MoveTurnState.h">
      <Filter>02. GameObject\01. Player\01. StateMachine\01. MoveState\00. TurnState</Filter>
    </ClInclude>
    <ClInclude Include="..\Public\MoveLoopState.h">
      <Filter>02. GameObject\01. Player\01. StateMachine\01. MoveState\02. LoopState</Filter>
    </ClInclude>
    <ClInclude Include="..\Public\Wingardium_Effect.h">
      <Filter>04. Effect\Wingardium_Effect</Filter>
    </ClInclude>
    <ClInclude Include="..\Public\Wingardiumleviosa.h">
      <Filter>05. Magic\MagicBall\03. Wingardiumleviosa</Filter>
    </ClInclude>
    <ClInclude Include="..\Public\Levioso.h">
      <Filter>05. Magic\MagicBall\04. Levioso</Filter>
    </ClInclude>
    <ClInclude Include="..\Public\Default_MagicTrail_Effect.h">
      <Filter>04. Effect\Default_MagicTrail_Effect</Filter>
    </ClInclude>
    <ClInclude Include="..\Public\Random_Select.h">
      <Filter>03. Behaviors\03. RandomChoose</Filter>
    </ClInclude>
    <ClInclude Include="..\Public\Sequence_Groggy.h">
      <Filter>03. Behaviors\02. Sequences</Filter>
    </ClInclude>
    <ClInclude Include="..\public\LoadTrigger.h">
      <Filter>02. GameObject\99. Debug\LoadTrigger</Filter>
    </ClInclude>
    <ClInclude Include="..\Public\UI_Effect_Back.h">
      <Filter>02. GameObject\04. UI\UI\UI_Effect_Back</Filter>
    </ClInclude>
    <ClInclude Include="..\Public\UI_Finisher.h">
      <Filter>02. GameObject\04. UI\UI\UI_Finisher</Filter>
    </ClInclude>
    <ClInclude Include="..\Public\UI_Back.h">
      <Filter>02. GameObject\04. UI\UI\UI_None</Filter>
    </ClInclude>
    <ClInclude Include="..\Public\UI_Group_Finisher.h">
      <Filter>02. GameObject\04. UI\UI_Group\UI_Group_Finisher</Filter>
    </ClInclude>
    <ClInclude Include="..\Public\UI_Group_Finisher_Icon.h">
      <Filter>02. GameObject\04. UI\UI_Group\UI_Group_Finisher_Icon</Filter>
    </ClInclude>
    <ClInclude Include="..\Public\UI_Group_HP.h">
      <Filter>02. GameObject\04. UI\UI_Group\UI_Group_HP</Filter>
    </ClInclude>
    <ClInclude Include="..\Public\UI_Group_Potion.h">
      <Filter>02. GameObject\04. UI\UI_Group\UI_Group_Potion</Filter>
    </ClInclude>
    <ClInclude Include="..\Public\UI_Group_R.h">
      <Filter>02. GameObject\04. UI\UI_Group\UI_Group_R</Filter>
    </ClInclude>
    <ClInclude Include="..\Public\UI_Group_T.h">
      <Filter>02. GameObject\04. UI\UI_Group\UI_Group_T</Filter>
    </ClInclude>
    <ClInclude Include="..\Public\UI_Group_Skill.h">
      <Filter>02. GameObject\04. UI\UI_Group\UI_Group_Skill</Filter>
    </ClInclude>
    <ClInclude Include="..\Public\UI_Group_MiniMap.h">
      <Filter>02. GameObject\04. UI\UI_Group\UI_Group_MiniMap</Filter>
    </ClInclude>
    <ClInclude Include="..\Public\UI_Group_Enemy_HP.h">
      <Filter>02. GameObject\04. UI\UI_Group\UI_Group_Enemy_HP</Filter>
    </ClInclude>
    <ClInclude Include="..\Public\UI_Font.h">
      <Filter>02. GameObject\04. UI\Font</Filter>
    </ClInclude>
    <ClInclude Include="..\Public\Main1_Loader.h">
      <Filter>01. Levels\99. Loading\Loader</Filter>
    </ClInclude>
    <ClInclude Include="..\public\Main3_Loader.h">
      <Filter>01. Levels\99. Loading\Loader</Filter>
    </ClInclude>
    <ClInclude Include="..\public\Main2_Loader.h">
      <Filter>01. Levels\99. Loading\Loader</Filter>
    </ClInclude>
    <ClInclude Include="..\public\Main0_Loader.h">
      <Filter>01. Levels\99. Loading\Loader</Filter>
    </ClInclude>
    <ClInclude Include="..\Public\Sequence_Levitate.h">
      <Filter>03. Behaviors\02. Sequences</Filter>
    </ClInclude>
    <ClInclude Include="..\Public\RollState.h">
      <Filter>02. GameObject\01. Player\01. StateMachine\03. RollState</Filter>
    </ClInclude>
    <ClInclude Include="..\Public\JumpState.h">
      <Filter>02. GameObject\01. Player\01. StateMachine\02. JumpState</Filter>
    </ClInclude>
    <ClInclude Include="..\Public\HardLandState.h">
      <Filter>02. GameObject\01. Player\01. StateMachine\04. HardLandState</Filter>
    </ClInclude>
    <ClInclude Include="..\Public\Confringo.h">
      <Filter>05. Magic\MagicBall\06. Confringo</Filter>
    </ClInclude>
    <ClInclude Include="..\Public\UI_Group_Cursor.h">
      <Filter>02. GameObject\04. UI\UI_Group\UI_Group_Cursor</Filter>
    </ClInclude>
    <ClInclude Include="..\Public\Main_Menu.h">
      <Filter>06. Scene\Main_Menu</Filter>
    </ClInclude>
    <ClInclude Include="..\public\Field_Guide.h">
      <Filter>06. Scene\Field_Guide</Filter>
    </ClInclude>
    <ClInclude Include="..\Public\Menu_Invectory.h">
      <Filter>06. Scene\Main_Menu\Inventory</Filter>
    </ClInclude>
    <ClInclude Include="..\Public\Menu_Quest.h">
      <Filter>06. Scene\Main_Menu\Quest</Filter>
    </ClInclude>
    <ClInclude Include="..\Public\Menu_Setting.h">
      <Filter>06. Scene\Main_Menu\Setting</Filter>
    </ClInclude>
    <ClInclude Include="..\Public\MapObject_Ins.h">
      <Filter>02. GameObject\03. MapObject\MapObject_Ins</Filter>
    </ClInclude>
    <ClInclude Include="..\Public\MagicCastingState.h">
      <Filter>02. GameObject\01. Player\01. StateMachine\05. MagicCastingState</Filter>
    </ClInclude>
    <ClInclude Include="..\Public\Weapon_Fig_Wand.h">
      <Filter>02. GameObject\06. NPC\Weapons</Filter>
    </ClInclude>
    <ClInclude Include="..\public\Seamless_Loader.h">
      <Filter>02. GameObject\99. Debug\SeamLess</Filter>
    </ClInclude>
    <ClInclude Include="..\Public\UI_HP.h">
      <Filter>02. GameObject\04. UI\UI\UI_HP</Filter>
    </ClInclude>
    <ClInclude Include="..\Public\UI_Image.h">
      <Filter>02. GameObject\04. UI\UI_Composite\UI_Image</Filter>
    </ClInclude>
    <ClInclude Include="..\Public\UI_Inventory.h">
      <Filter>02. GameObject\04. UI\UI_Composite\UI_Inventory</Filter>
    </ClInclude>
    <ClInclude Include="..\Public\Inventory.h">
      <Filter>02. GameObject\08. Inventory</Filter>
    </ClInclude>
    <ClInclude Include="..\Public\UI_Slot.h">
      <Filter>02. GameObject\04. UI\UI\UI_Slot</Filter>
    </ClInclude>
    <ClInclude Include="..\Public\ProtegoState.h">
      <Filter>02. GameObject\01. Player\01. StateMachine\06. Protego</Filter>
    </ClInclude>
    <ClInclude Include="..\Public\HitState.h">
      <Filter>02. GameObject\01. Player\01. StateMachine\07. Hit</Filter>
    </ClInclude>
    <ClInclude Include="..\Public\MapEffect.h">
      <Filter>02. GameObject\03. MapObject\MapEffect</Filter>
    </ClInclude>
    <ClInclude Include="..\Public\Player_Information.h">
      <Filter>02. GameObject\01. Player\03. PlayerInformation</Filter>
    </ClInclude>
    <ClInclude Include="..\Public\Check_Degree.h">
      <Filter>03. Behaviors\05. Function</Filter>
    </ClInclude>
    <ClInclude Include="..\Public\Check_Distance.h">
      <Filter>03. Behaviors\05. Function</Filter>
    </ClInclude>
    <ClInclude Include="..\Public\Finisher.h">
      <Filter>05. Magic\MagicBall\07. Finisher</Filter>
    </ClInclude>
    <ClInclude Include="..\public\Level_Vault.h">
      <Filter>01. Levels\02. Vault</Filter>
    </ClInclude>
    <ClInclude Include="..\public\Level_GreatHall.h">
      <Filter>01. Levels\03. GreatHall</Filter>
    </ClInclude>
    <ClInclude Include="..\public\Level_Smith.h">
      <Filter>01. Levels\04. Smith</Filter>
    </ClInclude>
    <ClInclude Include="..\Public\Client_Enum.h">
      <Filter>99. Headers</Filter>
    </ClInclude>
    <ClInclude Include="..\Public\Check_Degree.h">
      <Filter>03. Behaviors\05. Function</Filter>
    </ClInclude>
    <ClInclude Include="..\Public\Check_Distance.h">
      <Filter>03. Behaviors\05. Function</Filter>
    </ClInclude>
    <ClInclude Include="..\Public\LookAt.h">
      <Filter>03. Behaviors\04. Movement</Filter>
    </ClInclude>
    <ClInclude Include="..\Public\Menu_Gear.h">
      <Filter>06. Scene\Main_Menu\Gear</Filter>
    </ClInclude>
    <ClInclude Include="..\Public\Sequence_AirHit.h">
      <Filter>03. Behaviors\02. Sequences</Filter>
    </ClInclude>
    <ClInclude Include="..\Public\Random_AirHit.h">
      <Filter>03. Behaviors\03. RandomChoose</Filter>
    </ClInclude>
    <ClInclude Include="..\Public\Death.h">
      <Filter>03. Behaviors\04. Movement</Filter>
    </ClInclude>
    <ClInclude Include="..\Public\Enemy.h">
      <Filter>02. GameObject\02. Enemy</Filter>
    </ClInclude>
    <ClInclude Include="..\Public\Ncendio.h">
      <Filter>05. Magic\MagicBall\08. Ncendio</Filter>
    </ClInclude>
    <ClInclude Include="..\public\MagicSlot.h">
      <Filter>05. Magic\MagicSlot</Filter>
    </ClInclude>
    <ClInclude Include="..\public\Game_Manager.h">
      <Filter>07. GameManager</Filter>
    </ClInclude>
    <ClInclude Include="..\Public\UI_Group_Logo.h">
      <Filter>02. GameObject\04. UI\UI_Group\UI_Group_Logo</Filter>
    </ClInclude>
    <ClInclude Include="..\Public\UI_Logo.h">
      <Filter>02. GameObject\04. UI\UI\UI_Logo</Filter>
    </ClInclude>
    <ClInclude Include="..\Public\Weapon_Golem_Combat.h">
      <Filter>02. GameObject\02. Enemy\03. Golem\00. Combat\Weapon</Filter>
    </ClInclude>
    <ClInclude Include="..\Public\Lumos.h">
      <Filter>05. Magic\MagicBall\05. Lumos</Filter>
    </ClInclude>
    <ClInclude Include="..\Public\UI_Group_Loading.h">
      <Filter>02. GameObject\04. UI\UI_Group\UI_Group_Loading</Filter>
    </ClInclude>
    <ClInclude Include="..\Public\StandingState.h">
      <Filter>02. GameObject\01. Player\01. StateMachine\07. Hit</Filter>
    </ClInclude>
    <ClInclude Include="..\public\Trigger_Vault.h">
      <Filter>02. GameObject\07. Trigger</Filter>
    </ClInclude>
    <ClInclude Include="..\Public\UI_Group_Quest.h">
      <Filter>02. GameObject\04. UI\UI_Group</Filter>
    </ClInclude>
    <ClInclude Include="..\Public\MPBall.h">
      <Filter>02. GameObject\08. Inventory\Item\MPBall</Filter>
    </ClInclude>
    <ClInclude Include="..\Public\Arrestomomentum.h">
      <Filter>05. Magic\MagicBall\09. Arrestomomentum</Filter>
    </ClInclude>
    <ClInclude Include="..\Public\Descendo.h">
      <Filter>05. Magic\MagicBall\10. Descendo</Filter>
    </ClInclude>
  </ItemGroup>
  <ItemGroup>
    <ClCompile Include="Client.cpp">
      <Filter>98. Default</Filter>
    </ClCompile>
    <ClCompile Include="..\private\MainApp.cpp">
      <Filter>00. MainApp</Filter>
    </ClCompile>
    <ClCompile Include="..\Private\Level_Logo.cpp">
      <Filter>01. Levels\00. Logo</Filter>
    </ClCompile>
    <ClCompile Include="..\Private\Level_Loading.cpp">
      <Filter>01. Levels\99. Loading</Filter>
    </ClCompile>
    <ClCompile Include="..\private\Sky.cpp">
      <Filter>02. GameObject\00. Sky</Filter>
    </ClCompile>
    <ClCompile Include="..\private\Logo_BackGround.cpp">
      <Filter>02. GameObject\04. UI\Logo</Filter>
    </ClCompile>
    <ClCompile Include="..\private\Level_Cliffside.cpp">
      <Filter>01. Levels\01. Cliffside</Filter>
    </ClCompile>
    <ClCompile Include="..\private\Terrain.cpp">
      <Filter>02. GameObject\05. Terrain</Filter>
    </ClCompile>
    <ClCompile Include="..\private\Camera_Debug.cpp">
      <Filter>02. GameObject\99. Debug\Camera</Filter>
    </ClCompile>
    <ClCompile Include="..\private\Test_Player.cpp">
      <Filter>02. GameObject\99. Debug\Player</Filter>
    </ClCompile>
    <ClCompile Include="ImGui\imgui.cpp">
      <Filter>98. Default\ImGui_Defaults</Filter>
    </ClCompile>
    <ClCompile Include="ImGui\imgui_draw.cpp">
      <Filter>98. Default\ImGui_Defaults</Filter>
    </ClCompile>
    <ClCompile Include="ImGui\imgui_demo.cpp">
      <Filter>98. Default\ImGui_Defaults</Filter>
    </ClCompile>
    <ClCompile Include="ImGui\imgui_tables.cpp">
      <Filter>98. Default\ImGui_Defaults</Filter>
    </ClCompile>
    <ClCompile Include="ImGui\imgui_widgets.cpp">
      <Filter>98. Default\ImGui_Defaults</Filter>
    </ClCompile>
    <ClCompile Include="ImGui\ImGuiFileDialog.cpp">
      <Filter>98. Default\ImGui_Defaults</Filter>
    </ClCompile>
    <ClCompile Include="ImGui\backends\imgui_impl_dx11.cpp">
      <Filter>98. Default\ImGui_Defaults</Filter>
    </ClCompile>
    <ClCompile Include="ImGui\backends\imgui_impl_win32.cpp">
      <Filter>98. Default\ImGui_Defaults</Filter>
    </ClCompile>
    <ClCompile Include="..\Private\Armored_Troll.cpp">
      <Filter>02. GameObject\02. Enemy\00. Troll\00. Armored_Troll</Filter>
    </ClCompile>
    <ClCompile Include="..\Private\Weapon_Armored_Troll.cpp">
      <Filter>02. GameObject\02. Enemy\00. Troll\00. Armored_Troll\Weapon</Filter>
    </ClCompile>
    <ClCompile Include="..\Private\Assasin_Goblin.cpp">
      <Filter>02. GameObject\02. Enemy\01. Goblin\Assassin</Filter>
    </ClCompile>
    <ClCompile Include="..\Private\Forest_Troll.cpp">
      <Filter>02. GameObject\02. Enemy\00. Troll\01. Forest_Troll</Filter>
    </ClCompile>
    <ClCompile Include="..\Private\Weapon_Forest_Troll.cpp">
      <Filter>02. GameObject\02. Enemy\00. Troll\01. Forest_Troll\Weapon</Filter>
    </ClCompile>
    <ClCompile Include="..\Private\Wait.cpp">
      <Filter>03. Behaviors\04. Movement</Filter>
    </ClCompile>
    <ClCompile Include="..\Private\Dugbog.cpp">
      <Filter>02. GameObject\02. Enemy\02. Dugbog</Filter>
    </ClCompile>
    <ClCompile Include="..\Private\Golem_Combat.cpp">
      <Filter>02. GameObject\02. Enemy\03. Golem\00. Combat</Filter>
    </ClCompile>
    <ClCompile Include="..\Private\Pensive.cpp">
      <Filter>02. GameObject\02. Enemy\03. Golem\01. Pensive</Filter>
    </ClCompile>
    <ClCompile Include="..\Private\Weapon_Pensive.cpp">
      <Filter>02. GameObject\02. Enemy\03. Golem\01. Pensive\Weapon</Filter>
    </ClCompile>
    <ClCompile Include="..\Private\MapObject.cpp">
      <Filter>02. GameObject\03. MapObject</Filter>
    </ClCompile>
    <ClCompile Include="..\Private\Action.cpp">
      <Filter>03. Behaviors\00. Action</Filter>
    </ClCompile>
    <ClCompile Include="..\Private\PhysXRender.cpp">
      <Filter>02. GameObject\99. Debug\PhysxRender</Filter>
    </ClCompile>
    <ClCompile Include="..\Private\Player.cpp">
      <Filter>02. GameObject\01. Player</Filter>
    </ClCompile>
    <ClCompile Include="..\Private\Turn.cpp">
      <Filter>03. Behaviors\04. Movement</Filter>
    </ClCompile>
    <ClCompile Include="..\Private\Selector_Degree.cpp">
      <Filter>03. Behaviors\01. Selectors</Filter>
    </ClCompile>
    <ClCompile Include="..\Private\MagicBall.cpp">
      <Filter>05. Magic\MagicBall</Filter>
    </ClCompile>
    <ClCompile Include="..\Private\Protego.cpp">
      <Filter>05. Magic\MagicBall\01. Protego</Filter>
    </ClCompile>
    <ClCompile Include="..\Private\Revelio.cpp">
      <Filter>05. Magic\MagicBall\02. Revelio</Filter>
    </ClCompile>
    <ClCompile Include="..\Private\MagicBallPool.cpp">
      <Filter>05. Magic\MagicBall\MagicBallPool</Filter>
    </ClCompile>
    <ClCompile Include="..\Private\BasicCast.cpp">
      <Filter>05. Magic\MagicBall\00. BasicCast</Filter>
    </ClCompile>
    <ClCompile Include="..\Private\Professor_Fig.cpp">
      <Filter>02. GameObject\06. NPC</Filter>
    </ClCompile>
    <ClCompile Include="..\Private\Player.cpp">
      <Filter>02. GameObject\01. Player</Filter>
    </ClCompile>
    <ClCompile Include="..\private\Player_Camera.cpp">
      <Filter>02. GameObject\01. Player\00. Camera</Filter>
    </ClCompile>
    <ClCompile Include="..\Private\Sequence_Attack.cpp">
      <Filter>03. Behaviors\02. Sequences</Filter>
    </ClCompile>
    <ClCompile Include="..\Private\Sequence_MoveTarget.cpp">
      <Filter>03. Behaviors\02. Sequences</Filter>
    </ClCompile>
    <ClCompile Include="..\private\StateMachine.cpp">
      <Filter>02. GameObject\01. Player\01. StateMachine</Filter>
    </ClCompile>
    <ClCompile Include="..\private\StateContext.cpp">
      <Filter>02. GameObject\01. Player\02. StateContext</Filter>
    </ClCompile>
    <ClCompile Include="..\Private\IdleState.cpp">
      <Filter>02. GameObject\01. Player\01. StateMachine\00. IdleState</Filter>
    </ClCompile>
    <ClCompile Include="..\Private\Weapon_Player_Wand.cpp">
      <Filter>02. GameObject\01. Player\01. Weapon\Wand</Filter>
    </ClCompile>
    <ClCompile Include="..\private\MoveStartState.cpp">
      <Filter>02. GameObject\01. Player\01. StateMachine\01. MoveState\01. StartState</Filter>
    </ClCompile>
    <ClCompile Include="..\Private\MoveTurnState.cpp">
      <Filter>02. GameObject\01. Player\01. StateMachine\01. MoveState\00. TurnState</Filter>
    </ClCompile>
    <ClCompile Include="..\Private\MoveLoopState.cpp">
      <Filter>02. GameObject\01. Player\01. StateMachine\01. MoveState\02. LoopState</Filter>
    </ClCompile>
    <ClCompile Include="..\Private\Wingardium_Effect.cpp">
      <Filter>04. Effect\Wingardium_Effect</Filter>
    </ClCompile>
    <ClCompile Include="..\Private\Wingardiumleviosa.cpp">
      <Filter>05. Magic\MagicBall\03. Wingardiumleviosa</Filter>
    </ClCompile>
    <ClCompile Include="..\Private\Levioso.cpp">
      <Filter>05. Magic\MagicBall\04. Levioso</Filter>
    </ClCompile>
    <ClCompile Include="..\Private\Default_MagicTrail_Effect.cpp">
      <Filter>04. Effect\Default_MagicTrail_Effect</Filter>
    </ClCompile>
    <ClCompile Include="..\Private\Random_Select.cpp">
      <Filter>03. Behaviors\03. RandomChoose</Filter>
    </ClCompile>
    <ClCompile Include="..\Private\Sequence_Groggy.cpp">
      <Filter>03. Behaviors\02. Sequences</Filter>
    </ClCompile>
    <ClCompile Include="..\private\MagicSlot.cpp">
      <Filter>05. Magic\MagicSlot</Filter>
    </ClCompile>
    <ClCompile Include="..\private\LoadTrigger.cpp">
      <Filter>02. GameObject\99. Debug\LoadTrigger</Filter>
    </ClCompile>
    <ClCompile Include="..\Private\UI_Back.cpp">
      <Filter>02. GameObject\04. UI\UI\UI_None</Filter>
    </ClCompile>
    <ClCompile Include="..\Private\UI_Effect_Back.cpp">
      <Filter>02. GameObject\04. UI\UI\UI_Effect_Back</Filter>
    </ClCompile>
    <ClCompile Include="..\Private\UI_Finisher.cpp">
      <Filter>02. GameObject\04. UI\UI\UI_Finisher</Filter>
    </ClCompile>
    <ClCompile Include="..\Private\UI_HP.cpp">
      <Filter>02. GameObject\04. UI\UI\UI_HP</Filter>
    </ClCompile>
    <ClCompile Include="..\Private\UI_Group_Finisher.cpp">
      <Filter>02. GameObject\04. UI\UI_Group\UI_Group_Finisher</Filter>
    </ClCompile>
    <ClCompile Include="..\Private\UI_Group_Finisher_Icon.cpp">
      <Filter>02. GameObject\04. UI\UI_Group\UI_Group_Finisher_Icon</Filter>
    </ClCompile>
    <ClCompile Include="..\Private\UI_Group_HP.cpp">
      <Filter>02. GameObject\04. UI\UI_Group\UI_Group_HP</Filter>
    </ClCompile>
    <ClCompile Include="..\Private\UI_Group_MiniMap.cpp">
      <Filter>02. GameObject\04. UI\UI_Group\UI_Group_MiniMap</Filter>
    </ClCompile>
    <ClCompile Include="..\Private\UI_Group_Potion.cpp">
      <Filter>02. GameObject\04. UI\UI_Group\UI_Group_Potion</Filter>
    </ClCompile>
    <ClCompile Include="..\Private\UI_Group_R.cpp">
      <Filter>02. GameObject\04. UI\UI_Group\UI_Group_R</Filter>
    </ClCompile>
    <ClCompile Include="..\Private\UI_Group_T.cpp">
      <Filter>02. GameObject\04. UI\UI_Group\UI_Group_T</Filter>
    </ClCompile>
    <ClCompile Include="..\Private\UI_Group_Skill.cpp">
      <Filter>02. GameObject\04. UI\UI_Group\UI_Group_Skill</Filter>
    </ClCompile>
    <ClCompile Include="..\Private\UI_Group_Enemy_HP.cpp">
      <Filter>02. GameObject\04. UI\UI_Group\UI_Group_Enemy_HP</Filter>
    </ClCompile>
    <ClCompile Include="..\Private\UI_Font.cpp">
      <Filter>02. GameObject\04. UI\Font</Filter>
    </ClCompile>
    <ClCompile Include="..\Private\Main1_Loader.cpp">
      <Filter>01. Levels\99. Loading\Loader</Filter>
    </ClCompile>
    <ClCompile Include="..\private\Main3_Loader.cpp">
      <Filter>01. Levels\99. Loading\Loader</Filter>
    </ClCompile>
    <ClCompile Include="..\private\Main2_Loader.cpp">
      <Filter>01. Levels\99. Loading\Loader</Filter>
    </ClCompile>
    <ClCompile Include="..\private\Main0_Loader.cpp">
      <Filter>01. Levels\99. Loading\Loader</Filter>
    </ClCompile>
    <ClCompile Include="..\Private\Sequence_Levitate.cpp">
      <Filter>03. Behaviors\02. Sequences</Filter>
    </ClCompile>
    <ClCompile Include="..\Private\RollState.cpp">
      <Filter>02. GameObject\01. Player\01. StateMachine\03. RollState</Filter>
    </ClCompile>
    <ClCompile Include="..\Private\JumpState.cpp">
      <Filter>02. GameObject\01. Player\01. StateMachine\02. JumpState</Filter>
    </ClCompile>
    <ClCompile Include="..\Private\HardLandState.cpp">
      <Filter>02. GameObject\01. Player\01. StateMachine\04. HardLandState</Filter>
    </ClCompile>
    <ClCompile Include="..\Private\Confringo.cpp">
      <Filter>05. Magic\MagicBall\06. Confringo</Filter>
    </ClCompile>
    <ClCompile Include="..\Private\UI_Group_Cursor.cpp">
      <Filter>02. GameObject\04. UI\UI_Group\UI_Group_Cursor</Filter>
    </ClCompile>
    <ClCompile Include="..\Private\Main_Menu.cpp">
      <Filter>06. Scene\Main_Menu</Filter>
    </ClCompile>
    <ClCompile Include="..\private\Field_Guide.cpp">
      <Filter>06. Scene\Field_Guide</Filter>
    </ClCompile>
    <ClCompile Include="..\Private\Menu_Gear.cpp">
      <Filter>06. Scene\Main_Menu\Gear</Filter>
    </ClCompile>
    <ClCompile Include="..\Private\Menu_Invectory.cpp">
      <Filter>06. Scene\Main_Menu\Inventory</Filter>
    </ClCompile>
    <ClCompile Include="..\Private\Menu_Quest.cpp">
      <Filter>06. Scene\Main_Menu\Quest</Filter>
    </ClCompile>
    <ClCompile Include="..\Private\Menu_Setting.cpp">
      <Filter>06. Scene\Main_Menu\Setting</Filter>
    </ClCompile>
    <ClCompile Include="..\Private\MapObject_Ins.cpp">
      <Filter>02. GameObject\03. MapObject\MapObject_Ins</Filter>
    </ClCompile>
    <ClCompile Include="..\Private\MagicCastingState.cpp">
      <Filter>02. GameObject\01. Player\01. StateMachine\05. MagicCastingState</Filter>
    </ClCompile>
    <ClCompile Include="..\Private\Weapon_Fig_Wand.cpp">
      <Filter>02. GameObject\06. NPC\Weapons</Filter>
    </ClCompile>
    <ClCompile Include="..\private\Seamless_Loader.cpp">
      <Filter>02. GameObject\99. Debug\SeamLess</Filter>
    </ClCompile>
    <ClCompile Include="..\Private\UI_Image.cpp">
      <Filter>02. GameObject\04. UI\UI_Composite\UI_Image</Filter>
    </ClCompile>
    <ClCompile Include="..\Private\UI_Inventory.cpp">
      <Filter>02. GameObject\04. UI\UI_Composite\UI_Inventory</Filter>
    </ClCompile>
    <ClCompile Include="..\Private\Inventory.cpp">
      <Filter>02. GameObject\08. Inventory</Filter>
    </ClCompile>
    <ClCompile Include="..\Private\UI_Slot.cpp">
      <Filter>02. GameObject\04. UI\UI\UI_Slot</Filter>
    </ClCompile>
    <ClCompile Include="..\Private\ProtegoState.cpp">
      <Filter>02. GameObject\01. Player\01. StateMachine\06. Protego</Filter>
    </ClCompile>
    <ClCompile Include="..\Private\HitState.cpp">
      <Filter>02. GameObject\01. Player\01. StateMachine\07. Hit</Filter>
    </ClCompile>
    <ClCompile Include="..\Private\MapEffect.cpp">
      <Filter>02. GameObject\03. MapObject\MapEffect</Filter>
    </ClCompile>
    <ClCompile Include="..\Private\Player_Information.cpp">
      <Filter>02. GameObject\01. Player\03. PlayerInformation</Filter>
    </ClCompile>
    <ClCompile Include="..\Private\Check_Degree.cpp">
      <Filter>03. Behaviors\05. Function</Filter>
    </ClCompile>
    <ClCompile Include="..\Private\Check_Distance.cpp">
      <Filter>03. Behaviors\05. Function</Filter>
    </ClCompile>
    <ClCompile Include="..\Private\Finisher.cpp">
      <Filter>05. Magic\MagicBall\07. Finisher</Filter>
    </ClCompile>
    <ClCompile Include="..\private\Level_Vault.cpp">
      <Filter>01. Levels\02. Vault</Filter>
    </ClCompile>
    <ClCompile Include="..\private\Level_GreatHall.cpp">
      <Filter>01. Levels\03. GreatHall</Filter>
    </ClCompile>
    <ClCompile Include="..\private\Level_Smith.cpp">
      <Filter>01. Levels\04. Smith</Filter>
    </ClCompile>
    <ClCompile Include="..\Private\Check_Degree.cpp">
      <Filter>03. Behaviors\05. Function</Filter>
    </ClCompile>
    <ClCompile Include="..\Private\Check_Distance.cpp">
      <Filter>03. Behaviors\05. Function</Filter>
    </ClCompile>
    <ClCompile Include="..\Private\LookAt.cpp">
      <Filter>03. Behaviors\04. Movement</Filter>
    </ClCompile>
    <ClCompile Include="..\Private\Sequence_AirHit.cpp">
      <Filter>03. Behaviors\02. Sequences</Filter>
    </ClCompile>
    <ClCompile Include="..\Private\Random_AirHit.cpp">
      <Filter>03. Behaviors\03. RandomChoose</Filter>
    </ClCompile>
    <ClCompile Include="..\Private\Death.cpp">
      <Filter>03. Behaviors\04. Movement</Filter>
    </ClCompile>
    <ClCompile Include="..\Private\Enemy.cpp">
      <Filter>02. GameObject\02. Enemy</Filter>
    </ClCompile>
    <ClCompile Include="..\Private\Ncendio.cpp">
      <Filter>05. Magic\MagicBall\08. Ncendio</Filter>
    </ClCompile>
    <ClCompile Include="..\private\Game_Manager.cpp">
      <Filter>07. GameManager</Filter>
    </ClCompile>
    <ClCompile Include="..\Private\UI_Group_Logo.cpp">
      <Filter>02. GameObject\04. UI\UI_Group\UI_Group_Logo</Filter>
    </ClCompile>
    <ClCompile Include="..\Private\UI_Logo.cpp">
      <Filter>02. GameObject\04. UI\UI\UI_Logo</Filter>
    </ClCompile>
    <ClCompile Include="..\Private\Weapon_Golem_Combat.cpp">
      <Filter>02. GameObject\02. Enemy\03. Golem\00. Combat\Weapon</Filter>
    </ClCompile>
    <ClCompile Include="..\Private\Lumos.cpp">
      <Filter>05. Magic\MagicBall\05. Lumos</Filter>
    </ClCompile>
    <ClCompile Include="..\Private\UI_Group_Loading.cpp">
      <Filter>02. GameObject\04. UI\UI_Group\UI_Group_Loading</Filter>
    </ClCompile>
    <ClCompile Include="..\Private\StandingState.cpp">
      <Filter>02. GameObject\01. Player\01. StateMachine\07. Hit</Filter>
    </ClCompile>
    <ClCompile Include="..\private\Trigger_Vault.cpp">
      <Filter>02. GameObject\07. Trigger</Filter>
    </ClCompile>
    <ClCompile Include="..\Private\UI_Group_Quest.cpp">
      <Filter>02. GameObject\04. UI\UI_Group</Filter>
    </ClCompile>
    <ClCompile Include="MPBall.cpp">
      <Filter>02. GameObject\08. Inventory\Item\MPBall</Filter>
    </ClCompile>
    <ClCompile Include="..\Private\Magic.cpp">
      <Filter>05. Magic</Filter>
    </ClCompile>
    <ClCompile Include="..\Private\Arrestomomentum.cpp">
      <Filter>05. Magic\MagicBall\09. Arrestomomentum</Filter>
    </ClCompile>
    <ClCompile Include="..\Private\Descendo.cpp">
      <Filter>05. Magic\MagicBall\10. Descendo</Filter>
    </ClCompile>
  </ItemGroup>
  <ItemGroup>
    <Image Include="Client.ico">
      <Filter>98. Default</Filter>
    </Image>
    <Image Include="small.ico">
      <Filter>98. Default</Filter>
    </Image>
  </ItemGroup>
  <ItemGroup>
    <ResourceCompile Include="Client.rc">
      <Filter>98. Default</Filter>
    </ResourceCompile>
  </ItemGroup>
  <ItemGroup>
    <None Include="..\Bin\ShaderFiles\Shader_Client_Defines.hlsli">
      <Filter>97. ShaderFiles</Filter>
    </None>
    <None Include="ImGui\misc\debuggers\imgui.natstepfilter">
      <Filter>98. Default\ImGui_Defaults</Filter>
    </None>
  </ItemGroup>
  <ItemGroup>
    <FxCompile Include="..\Bin\ShaderFiles\Shader_VtxTex.hlsl">
      <Filter>97. ShaderFiles\Textures</Filter>
    </FxCompile>
    <FxCompile Include="..\Bin\ShaderFiles\Shader_VtxCube.hlsl">
      <Filter>97. ShaderFiles\Textures</Filter>
    </FxCompile>
    <FxCompile Include="..\Bin\ShaderFiles\Shader_Terrain.hlsl">
      <Filter>97. ShaderFiles\Textures</Filter>
    </FxCompile>
    <FxCompile Include="..\Bin\ShaderFiles\Shader_VtxAnimMesh.hlsl">
      <Filter>97. ShaderFiles\Meshes</Filter>
    </FxCompile>
    <FxCompile Include="..\Bin\ShaderFiles\Shader_VtxMesh.hlsl">
      <Filter>97. ShaderFiles\Meshes</Filter>
    </FxCompile>
    <FxCompile Include="..\Bin\ShaderFiles\Shader_Debug.hlsl">
      <Filter>97. ShaderFiles\Debug</Filter>
    </FxCompile>
    <FxCompile Include="..\Bin\ShaderFiles\Shader_Protego.hlsl">
      <Filter>97. ShaderFiles\Magic\Protego</Filter>
    </FxCompile>
    <FxCompile Include="..\Bin\ShaderFiles\Shader_VtxTexRotation.hlsl">
      <Filter>97. ShaderFiles\Textures</Filter>
    </FxCompile>
    <FxCompile Include="..\Bin\ShaderFiles\Shader_VtxMeshInstance.hlsl">
      <Filter>97. ShaderFiles\Meshes</Filter>
    </FxCompile>
    <FxCompile Include="..\Bin\ShaderFiles\Shader_ShadowAnimMesh.hlsl">
      <Filter>97. ShaderFiles\Meshes</Filter>
    </FxCompile>
    <FxCompile Include="..\Bin\ShaderFiles\Shader_ShadowMesh.hlsl">
      <Filter>97. ShaderFiles\Meshes</Filter>
    </FxCompile>
    <FxCompile Include="..\Bin\ShaderFiles\Shader_ShadowMeshInstance.hlsl">
      <Filter>97. ShaderFiles\Meshes</Filter>
    </FxCompile>
  </ItemGroup>
  <ItemGroup>
    <Natvis Include="ImGui\misc\debuggers\imgui.natvis">
      <Filter>98. Default\ImGui_Defaults</Filter>
    </Natvis>
  </ItemGroup>
</Project>